
Microsoft Visual Studio Solution File, Format Version 12.00
# Visual Studio Version 17
VisualStudioVersion = 17.14.36518.9
MinimumVisualStudioVersion = 10.0.40219.1
Project("{FAE04EC0-301F-11D3-BF4B-00C04F79EFBC}") = "MVC", "MVC\MVC.csproj", "{EF27ADC0-76BB-4B3C-B271-59BCE79776AB}"
EndProject
Project("{2150E333-8FDC-42A3-9474-1A3956D46DE8}") = "Çözüm Öğeleri", "Çözüm Öğeleri", "{AC80F682-3D55-C8F8-4895-A4A9EDD49434}"
EndProject
Project("{FAE04EC0-301F-11D3-BF4B-00C04F79EFBC}") = "CORE", "CORE\CORE.csproj", "{9A9B14E3-28D7-4631-8561-1101CD12CFBD}"
EndProject
Project("{FAE04EC0-301F-11D3-BF4B-00C04F79EFBC}") = "APP", "APP\APP.csproj", "{BEFE63D0-C1D8-4FEE-904D-42CB54203B78}"
EndProject
Global
	GlobalSection(SolutionConfigurationPlatforms) = preSolution
		Debug|Any CPU = Debug|Any CPU
		Debug|x64 = Debug|x64
		Debug|x86 = Debug|x86
		Release|Any CPU = Release|Any CPU
		Release|x64 = Release|x64
		Release|x86 = Release|x86
	EndGlobalSection
	GlobalSection(ProjectConfigurationPlatforms) = postSolution
		{EF27ADC0-76BB-4B3C-B271-59BCE79776AB}.Debug|Any CPU.ActiveCfg = Debug|Any CPU
		{EF27ADC0-76BB-4B3C-B271-59BCE79776AB}.Debug|Any CPU.Build.0 = Debug|Any CPU
		{EF27ADC0-76BB-4B3C-B271-59BCE79776AB}.Debug|x64.ActiveCfg = Debug|Any CPU
		{EF27ADC0-76BB-4B3C-B271-59BCE79776AB}.Debug|x64.Build.0 = Debug|Any CPU
		{EF27ADC0-76BB-4B3C-B271-59BCE79776AB}.Debug|x86.ActiveCfg = Debug|Any CPU
		{EF27ADC0-76BB-4B3C-B271-59BCE79776AB}.Debug|x86.Build.0 = Debug|Any CPU
		{EF27ADC0-76BB-4B3C-B271-59BCE79776AB}.Release|Any CPU.ActiveCfg = Release|Any CPU
		{EF27ADC0-76BB-4B3C-B271-59BCE79776AB}.Release|Any CPU.Build.0 = Release|Any CPU
		{EF27ADC0-76BB-4B3C-B271-59BCE79776AB}.Release|x64.ActiveCfg = Release|Any CPU
		{EF27ADC0-76BB-4B3C-B271-59BCE79776AB}.Release|x64.Build.0 = Release|Any CPU
		{EF27ADC0-76BB-4B3C-B271-59BCE79776AB}.Release|x86.ActiveCfg = Release|Any CPU
		{EF27ADC0-76BB-4B3C-B271-59BCE79776AB}.Release|x86.Build.0 = Release|Any CPU
		{9A9B14E3-28D7-4631-8561-1101CD12CFBD}.Debug|Any CPU.ActiveCfg = Debug|Any CPU
		{9A9B14E3-28D7-4631-8561-1101CD12CFBD}.Debug|Any CPU.Build.0 = Debug|Any CPU
		{9A9B14E3-28D7-4631-8561-1101CD12CFBD}.Debug|x64.ActiveCfg = Debug|Any CPU
		{9A9B14E3-28D7-4631-8561-1101CD12CFBD}.Debug|x64.Build.0 = Debug|Any CPU
		{9A9B14E3-28D7-4631-8561-1101CD12CFBD}.Debug|x86.ActiveCfg = Debug|Any CPU
		{9A9B14E3-28D7-4631-8561-1101CD12CFBD}.Debug|x86.Build.0 = Debug|Any CPU
		{9A9B14E3-28D7-4631-8561-1101CD12CFBD}.Release|Any CPU.ActiveCfg = Release|Any CPU
		{9A9B14E3-28D7-4631-8561-1101CD12CFBD}.Release|Any CPU.Build.0 = Release|Any CPU
		{9A9B14E3-28D7-4631-8561-1101CD12CFBD}.Release|x64.ActiveCfg = Release|Any CPU
		{9A9B14E3-28D7-4631-8561-1101CD12CFBD}.Release|x64.Build.0 = Release|Any CPU
		{9A9B14E3-28D7-4631-8561-1101CD12CFBD}.Release|x86.ActiveCfg = Release|Any CPU
		{9A9B14E3-28D7-4631-8561-1101CD12CFBD}.Release|x86.Build.0 = Release|Any CPU
		{BEFE63D0-C1D8-4FEE-904D-42CB54203B78}.Debug|Any CPU.ActiveCfg = Debug|Any CPU
		{BEFE63D0-C1D8-4FEE-904D-42CB54203B78}.Debug|Any CPU.Build.0 = Debug|Any CPU
		{BEFE63D0-C1D8-4FEE-904D-42CB54203B78}.Debug|x64.ActiveCfg = Debug|Any CPU
		{BEFE63D0-C1D8-4FEE-904D-42CB54203B78}.Debug|x64.Build.0 = Debug|Any CPU
		{BEFE63D0-C1D8-4FEE-904D-42CB54203B78}.Debug|x86.ActiveCfg = Debug|Any CPU
		{BEFE63D0-C1D8-4FEE-904D-42CB54203B78}.Debug|x86.Build.0 = Debug|Any CPU
		{BEFE63D0-C1D8-4FEE-904D-42CB54203B78}.Release|Any CPU.ActiveCfg = Release|Any CPU
		{BEFE63D0-C1D8-4FEE-904D-42CB54203B78}.Release|Any CPU.Build.0 = Release|Any CPU
		{BEFE63D0-C1D8-4FEE-904D-42CB54203B78}.Release|x64.ActiveCfg = Release|Any CPU
		{BEFE63D0-C1D8-4FEE-904D-42CB54203B78}.Release|x64.Build.0 = Release|Any CPU
		{BEFE63D0-C1D8-4FEE-904D-42CB54203B78}.Release|x86.ActiveCfg = Release|Any CPU
		{BEFE63D0-C1D8-4FEE-904D-42CB54203B78}.Release|x86.Build.0 = Release|Any CPU
	EndGlobalSection
	GlobalSection(SolutionProperties) = preSolution
		HideSolutionNode = FALSE
	EndGlobalSection
	GlobalSection(ExtensibilityGlobals) = postSolution
		SolutionGuid = {308AE64C-3D3D-4D59-B7F0-728C387A6DB1}
	EndGlobalSection
EndGlobal
